<?xml version="1.0" encoding="utf-8"?>
<Project ToolsVersion="4.0" xmlns="http://schemas.microsoft.com/developer/msbuild/2003">
  <ItemGroup>
    <Filter Include="Source Files">
      <UniqueIdentifier>{4FC737F1-C7A5-4376-A066-2A32D752A2FF}</UniqueIdentifier>
      <Extensions>cpp;c;cc;cxx;def;odl;idl;hpj;bat;asm;asmx</Extensions>
    </Filter>
    <Filter Include="Header Files">
      <UniqueIdentifier>{93995380-89BD-4b04-88EB-625FBE52EBFB}</UniqueIdentifier>
      <Extensions>h;hh;hpp;hxx;hm;inl;inc;ipp;xsd</Extensions>
    </Filter>
    <Filter Include="Resource Files">
      <UniqueIdentifier>{67DA6AB6-F800-4c08-8B7A-83BB121AAD01}</UniqueIdentifier>
      <Extensions>rc;ico;cur;bmp;dlg;rc2;rct;bin;rgs;gif;jpg;jpeg;jpe;resx;tiff;tif;png;wav;mfcribbon-ms</Extensions>
    </Filter>
    <Filter Include="Resource Files\Render">
      <UniqueIdentifier>{e6f890e2-254a-40f5-89f1-d8854aaca98d}</UniqueIdentifier>
    </Filter>
    <Filter Include="Resource Files\Render\buffer">
      <UniqueIdentifier>{ba8db7f6-665f-4723-8fb0-95dba6eae47c}</UniqueIdentifier>
    </Filter>
    <Filter Include="Resource Files\Render\stbi_Image">
      <UniqueIdentifier>{fb63e246-b66e-4444-abc5-624523c90ce4}</UniqueIdentifier>
    </Filter>
    <Filter Include="Resource Files\Render\Shader">
      <UniqueIdentifier>{74d6e0ba-68bd-4571-9b47-1b623a1bf943}</UniqueIdentifier>
    </Filter>
  </ItemGroup>
  <ItemGroup>
    <ClCompile Include="main.cpp">
      <Filter>Source Files</Filter>
    </ClCompile>
    <ClCompile Include="window\Window.cpp">
      <Filter>Source Files</Filter>
    </ClCompile>
    <ClCompile Include="IndexBuffer.cpp">
      <Filter>Resource Files\Render\buffer</Filter>
    </ClCompile>
    <ClCompile Include="Shader.cpp">
      <Filter>Resource Files\Render\Shader</Filter>
    </ClCompile>
    <ClCompile Include="Render.cpp">
      <Filter>Resource Files\Render</Filter>
    </ClCompile>
    <ClCompile Include="VertexArray.cpp">
      <Filter>Resource Files\Render\buffer</Filter>
    </ClCompile>
    <ClCompile Include="VertexBuffer.cpp">
      <Filter>Resource Files\Render\buffer</Filter>
    </ClCompile>
  </ItemGroup>
  <ItemGroup>
    <ClInclude Include="window\Window.h">
      <Filter>Source Files</Filter>
    </ClInclude>
    <ClInclude Include="IndexBuffer.h">
      <Filter>Resource Files\Render\buffer</Filter>
    </ClInclude>
    <ClInclude Include="stbi_image.h">
      <Filter>Resource Files\Render\stbi_Image</Filter>
    </ClInclude>
    <ClInclude Include="Shader.h">
      <Filter>Resource Files\Render\Shader</Filter>
    </ClInclude>
    <ClInclude Include="Render.h">
      <Filter>Resource Files\Render</Filter>
    </ClInclude>
    <ClInclude Include="VertexArray.h">
      <Filter>Resource Files\Render\buffer</Filter>
    </ClInclude>
    <ClInclude Include="VertexBuffer.h">
      <Filter>Resource Files\Render\buffer</Filter>
    </ClInclude>
    <ClInclude Include="VertexBufferLayout.h">
      <Filter>Resource Files\Render\buffer</Filter>
    </ClInclude>
  </ItemGroup>
  <ItemGroup>
    <None Include="BasicShader.vs">
      <Filter>Resource Files\Render\Shader</Filter>
    </None>
    <None Include="BasicShader.fs">
      <Filter>Resource Files\Render\Shader</Filter>
    </None>
  </ItemGroup>
</Project>